// !$*UTF8*$!
{
	archiveVersion = 1;
	classes = {
	};
	objectVersion = 52;
	objects = {

/* Begin PBXBuildFile section */
		924B3CF326CE3A8500D7A8F0 /* AspectVGrid.swift in Sources */ = {isa = PBXBuildFile; fileRef = 924B3CF226CE3A8500D7A8F0 /* AspectVGrid.swift */; };
		9250D7AC279CE34B00EF1D11 /* CardStackView.swift in Sources */ = {isa = PBXBuildFile; fileRef = 9250D7AB279CE34B00EF1D11 /* CardStackView.swift */; };
		9250D7AE279D169F00EF1D11 /* PileView.swift in Sources */ = {isa = PBXBuildFile; fileRef = 9250D7AD279D169F00EF1D11 /* PileView.swift */; };
		925A851D279B9DD000EB1CDF /* ShakeEffect.swift in Sources */ = {isa = PBXBuildFile; fileRef = 925A851C279B9DD000EB1CDF /* ShakeEffect.swift */; };
		92AEF2C92790DAA80077EBA5 /* PlayCardSizePreferenceKey.swift in Sources */ = {isa = PBXBuildFile; fileRef = 92AEF2C82790DAA80077EBA5 /* PlayCardSizePreferenceKey.swift */; };
		92AEF2CB2792C92E0077EBA5 /* Extensions_CoreGraphics.swift in Sources */ = {isa = PBXBuildFile; fileRef = 92AEF2CA2792C92E0077EBA5 /* Extensions_CoreGraphics.swift */; };
		92AEF2D02798D7180077EBA5 /* Algorithms in Frameworks */ = {isa = PBXBuildFile; productRef = 92AEF2CF2798D7180077EBA5 /* Algorithms */; };
		92D7292C26BE079D008E7FDE /* SetApp.swift in Sources */ = {isa = PBXBuildFile; fileRef = 92D7292B26BE079D008E7FDE /* SetApp.swift */; };
		92D7292E26BE079D008E7FDE /* SetGameView.swift in Sources */ = {isa = PBXBuildFile; fileRef = 92D7292D26BE079D008E7FDE /* SetGameView.swift */; };
		92D7293026BE079F008E7FDE /* Assets.xcassets in Resources */ = {isa = PBXBuildFile; fileRef = 92D7292F26BE079F008E7FDE /* Assets.xcassets */; };
		92D7293326BE079F008E7FDE /* Preview Assets.xcassets in Resources */ = {isa = PBXBuildFile; fileRef = 92D7293226BE079F008E7FDE /* Preview Assets.xcassets */; };
		92D7293D26BE113C008E7FDE /* Set.swift in Sources */ = {isa = PBXBuildFile; fileRef = 92D7293C26BE113C008E7FDE /* Set.swift */; };
		92D7293F26BE116F008E7FDE /* SetGame.swift in Sources */ = {isa = PBXBuildFile; fileRef = 92D7293E26BE116F008E7FDE /* SetGame.swift */; };
		92D7294126C0922B008E7FDE /* CardView.swift in Sources */ = {isa = PBXBuildFile; fileRef = 92D7294026C0922B008E7FDE /* CardView.swift */; };
		92D7294326C32748008E7FDE /* TriState.swift in Sources */ = {isa = PBXBuildFile; fileRef = 92D7294226C32748008E7FDE /* TriState.swift */; };
		92DC26D826CB39D800408AAE /* Diamond.swift in Sources */ = {isa = PBXBuildFile; fileRef = 92DC26D726CB39D800408AAE /* Diamond.swift */; };
/* End PBXBuildFile section */

/* Begin PBXFileReference section */
		924B3CF226CE3A8500D7A8F0 /* AspectVGrid.swift */ = {isa = PBXFileReference; lastKnownFileType = sourcecode.swift; path = AspectVGrid.swift; sourceTree = "<group>"; };
		9250D7AB279CE34B00EF1D11 /* CardStackView.swift */ = {isa = PBXFileReference; lastKnownFileType = sourcecode.swift; path = CardStackView.swift; sourceTree = "<group>"; };
		9250D7AD279D169F00EF1D11 /* PileView.swift */ = {isa = PBXFileReference; lastKnownFileType = sourcecode.swift; path = PileView.swift; sourceTree = "<group>"; };
		925A851C279B9DD000EB1CDF /* ShakeEffect.swift */ = {isa = PBXFileReference; lastKnownFileType = sourcecode.swift; path = ShakeEffect.swift; sourceTree = "<group>"; };
		925ABEBC2995D7F400050185 /* README.md */ = {isa = PBXFileReference; lastKnownFileType = net.daringfireball.markdown; path = README.md; sourceTree = "<group>"; };
		92AEF2C82790DAA80077EBA5 /* PlayCardSizePreferenceKey.swift */ = {isa = PBXFileReference; lastKnownFileType = sourcecode.swift; path = PlayCardSizePreferenceKey.swift; sourceTree = "<group>"; };
		92AEF2CA2792C92E0077EBA5 /* Extensions_CoreGraphics.swift */ = {isa = PBXFileReference; lastKnownFileType = sourcecode.swift; path = Extensions_CoreGraphics.swift; sourceTree = "<group>"; };
		92D7292826BE079D008E7FDE /* Set.app */ = {isa = PBXFileReference; explicitFileType = wrapper.application; includeInIndex = 0; path = Set.app; sourceTree = BUILT_PRODUCTS_DIR; };
		92D7292B26BE079D008E7FDE /* SetApp.swift */ = {isa = PBXFileReference; lastKnownFileType = sourcecode.swift; path = SetApp.swift; sourceTree = "<group>"; };
		92D7292D26BE079D008E7FDE /* SetGameView.swift */ = {isa = PBXFileReference; lastKnownFileType = sourcecode.swift; path = SetGameView.swift; sourceTree = "<group>"; };
		92D7292F26BE079F008E7FDE /* Assets.xcassets */ = {isa = PBXFileReference; lastKnownFileType = folder.assetcatalog; path = Assets.xcassets; sourceTree = "<group>"; };
		92D7293226BE079F008E7FDE /* Preview Assets.xcassets */ = {isa = PBXFileReference; lastKnownFileType = folder.assetcatalog; path = "Preview Assets.xcassets"; sourceTree = "<group>"; };
		92D7293426BE079F008E7FDE /* Info.plist */ = {isa = PBXFileReference; lastKnownFileType = text.plist.xml; path = Info.plist; sourceTree = "<group>"; };
		92D7293C26BE113C008E7FDE /* Set.swift */ = {isa = PBXFileReference; lastKnownFileType = sourcecode.swift; path = Set.swift; sourceTree = "<group>"; };
		92D7293E26BE116F008E7FDE /* SetGame.swift */ = {isa = PBXFileReference; lastKnownFileType = sourcecode.swift; path = SetGame.swift; sourceTree = "<group>"; };
		92D7294026C0922B008E7FDE /* CardView.swift */ = {isa = PBXFileReference; lastKnownFileType = sourcecode.swift; path = CardView.swift; sourceTree = "<group>"; };
		92D7294226C32748008E7FDE /* TriState.swift */ = {isa = PBXFileReference; lastKnownFileType = sourcecode.swift; path = TriState.swift; sourceTree = "<group>"; };
		92DC26D726CB39D800408AAE /* Diamond.swift */ = {isa = PBXFileReference; lastKnownFileType = sourcecode.swift; path = Diamond.swift; sourceTree = "<group>"; };
/* End PBXFileReference section */

/* Begin PBXFrameworksBuildPhase section */
		92D7292526BE079D008E7FDE /* Frameworks */ = {
			isa = PBXFrameworksBuildPhase;
			buildActionMask = 2147483647;
			files = (
				92AEF2D02798D7180077EBA5 /* Algorithms in Frameworks */,
			);
			runOnlyForDeploymentPostprocessing = 0;
		};
/* End PBXFrameworksBuildPhase section */

/* Begin PBXGroup section */
		92B296DE298D9C4D00990E90 /* View */ = {
			isa = PBXGroup;
			children = (
				92D7292D26BE079D008E7FDE /* SetGameView.swift */,
				924B3CF226CE3A8500D7A8F0 /* AspectVGrid.swift */,
				9250D7AD279D169F00EF1D11 /* PileView.swift */,
				9250D7AB279CE34B00EF1D11 /* CardStackView.swift */,
				92D7294026C0922B008E7FDE /* CardView.swift */,
				92DC26D726CB39D800408AAE /* Diamond.swift */,
				925A851C279B9DD000EB1CDF /* ShakeEffect.swift */,
				92AEF2C82790DAA80077EBA5 /* PlayCardSizePreferenceKey.swift */,
			);
			path = View;
			sourceTree = "<group>";
		};
		92B296DF298D9C9F00990E90 /* Model */ = {
			isa = PBXGroup;
			children = (
				92D7293C26BE113C008E7FDE /* Set.swift */,
				92D7294226C32748008E7FDE /* TriState.swift */,
			);
			path = Model;
			sourceTree = "<group>";
		};
		92B296E0298D9CD300990E90 /* ViewModel */ = {
			isa = PBXGroup;
			children = (
				92D7293E26BE116F008E7FDE /* SetGame.swift */,
			);
			path = ViewModel;
			sourceTree = "<group>";
		};
		92D7291F26BE079D008E7FDE = {
			isa = PBXGroup;
			children = (
				925ABEBC2995D7F400050185 /* README.md */,
				92D7292A26BE079D008E7FDE /* Set */,
				92D7292926BE079D008E7FDE /* Products */,
			);
			sourceTree = "<group>";
		};
		92D7292926BE079D008E7FDE /* Products */ = {
			isa = PBXGroup;
			children = (
				92D7292826BE079D008E7FDE /* Set.app */,
			);
			name = Products;
			sourceTree = "<group>";
		};
		92D7292A26BE079D008E7FDE /* Set */ = {
			isa = PBXGroup;
			children = (
				92B296DF298D9C9F00990E90 /* Model */,
				92B296DE298D9C4D00990E90 /* View */,
				92B296E0298D9CD300990E90 /* ViewModel */,
				92D7292B26BE079D008E7FDE /* SetApp.swift */,
				92AEF2CA2792C92E0077EBA5 /* Extensions_CoreGraphics.swift */,
				92D7292F26BE079F008E7FDE /* Assets.xcassets */,
				92D7293426BE079F008E7FDE /* Info.plist */,
				92D7293126BE079F008E7FDE /* Preview Content */,
			);
			path = Set;
			sourceTree = "<group>";
		};
		92D7293126BE079F008E7FDE /* Preview Content */ = {
			isa = PBXGroup;
			children = (
				92D7293226BE079F008E7FDE /* Preview Assets.xcassets */,
			);
			path = "Preview Content";
			sourceTree = "<group>";
		};
/* End PBXGroup section */

/* Begin PBXNativeTarget section */
		92D7292726BE079D008E7FDE /* Set */ = {
			isa = PBXNativeTarget;
			buildConfigurationList = 92D7293726BE079F008E7FDE /* Build configuration list for PBXNativeTarget "Set" */;
			buildPhases = (
				92D7292426BE079D008E7FDE /* Sources */,
				92D7292526BE079D008E7FDE /* Frameworks */,
				92D7292626BE079D008E7FDE /* Resources */,
			);
			buildRules = (
			);
			dependencies = (
			);
			name = Set;
			packageProductDependencies = (
				92AEF2CF2798D7180077EBA5 /* Algorithms */,
			);
			productName = Set;
			productReference = 92D7292826BE079D008E7FDE /* Set.app */;
			productType = "com.apple.product-type.application";
		};
/* End PBXNativeTarget section */

/* Begin PBXProject section */
		92D7292026BE079D008E7FDE /* Project object */ = {
			isa = PBXProject;
			attributes = {
				LastSwiftUpdateCheck = 1250;
				LastUpgradeCheck = 1250;
				TargetAttributes = {
					92D7292726BE079D008E7FDE = {
						CreatedOnToolsVersion = 12.5.1;
					};
				};
			};
			buildConfigurationList = 92D7292326BE079D008E7FDE /* Build configuration list for PBXProject "Set" */;
			compatibilityVersion = "Xcode 9.3";
			developmentRegion = en;
			hasScannedForEncodings = 0;
			knownRegions = (
				en,
				Base,
			);
			mainGroup = 92D7291F26BE079D008E7FDE;
			packageReferences = (
				92AEF2CE2798D7180077EBA5 /* XCRemoteSwiftPackageReference "swift-algorithms" */,
			);
			productRefGroup = 92D7292926BE079D008E7FDE /* Products */;
			projectDirPath = "";
			projectRoot = "";
			targets = (
				92D7292726BE079D008E7FDE /* Set */,
			);
		};
/* End PBXProject section */

/* Begin PBXResourcesBuildPhase section */
		92D7292626BE079D008E7FDE /* Resources */ = {
			isa = PBXResourcesBuildPhase;
			buildActionMask = 2147483647;
			files = (
				92D7293326BE079F008E7FDE /* Preview Assets.xcassets in Resources */,
				92D7293026BE079F008E7FDE /* Assets.xcassets in Resources */,
			);
			runOnlyForDeploymentPostprocessing = 0;
		};
/* End PBXResourcesBuildPhase section */

/* Begin PBXSourcesBuildPhase section */
		92D7292426BE079D008E7FDE /* Sources */ = {
			isa = PBXSourcesBuildPhase;
			buildActionMask = 2147483647;
			files = (
				924B3CF326CE3A8500D7A8F0 /* AspectVGrid.swift in Sources */,
				92D7292E26BE079D008E7FDE /* SetGameView.swift in Sources */,
				92AEF2C92790DAA80077EBA5 /* PlayCardSizePreferenceKey.swift in Sources */,
				92D7292C26BE079D008E7FDE /* SetApp.swift in Sources */,
				92D7293F26BE116F008E7FDE /* SetGame.swift in Sources */,
				92DC26D826CB39D800408AAE /* Diamond.swift in Sources */,
				9250D7AE279D169F00EF1D11 /* PileView.swift in Sources */,
				92D7294326C32748008E7FDE /* TriState.swift in Sources */,
				92AEF2CB2792C92E0077EBA5 /* Extensions_CoreGraphics.swift in Sources */,
				92D7293D26BE113C008E7FDE /* Set.swift in Sources */,
				9250D7AC279CE34B00EF1D11 /* CardStackView.swift in Sources */,
				92D7294126C0922B008E7FDE /* CardView.swift in Sources */,
				925A851D279B9DD000EB1CDF /* ShakeEffect.swift in Sources */,
			);
			runOnlyForDeploymentPostprocessing = 0;
		};
/* End PBXSourcesBuildPhase section */

/* Begin XCBuildConfiguration section */
		92D7293526BE079F008E7FDE /* Debug */ = {
			isa = XCBuildConfiguration;
			buildSettings = {
				ALWAYS_SEARCH_USER_PATHS = NO;
				CLANG_ANALYZER_NONNULL = YES;
				CLANG_ANALYZER_NUMBER_OBJECT_CONVERSION = YES_AGGRESSIVE;
				CLANG_CXX_LANGUAGE_STANDARD = "gnu++14";
				CLANG_CXX_LIBRARY = "libc++";
				CLANG_ENABLE_MODULES = YES;
				CLANG_ENABLE_OBJC_ARC = YES;
				CLANG_ENABLE_OBJC_WEAK = YES;
				CLANG_WARN_BLOCK_CAPTURE_AUTORELEASING = YES;
				CLANG_WARN_BOOL_CONVERSION = YES;
				CLANG_WARN_COMMA = YES;
				CLANG_WARN_CONSTANT_CONVERSION = YES;
				CLANG_WARN_DEPRECATED_OBJC_IMPLEMENTATIONS = YES;
				CLANG_WARN_DIRECT_OBJC_ISA_USAGE = YES_ERROR;
				CLANG_WARN_DOCUMENTATION_COMMENTS = YES;
				CLANG_WARN_EMPTY_BODY = YES;
				CLANG_WARN_ENUM_CONVERSION = YES;
				CLANG_WARN_INFINITE_RECURSION = YES;
				CLANG_WARN_INT_CONVERSION = YES;
				CLANG_WARN_NON_LITERAL_NULL_CONVERSION = YES;
				CLANG_WARN_OBJC_IMPLICIT_RETAIN_SELF = YES;
				CLANG_WARN_OBJC_LITERAL_CONVERSION = YES;
				CLANG_WARN_OBJC_ROOT_CLASS = YES_ERROR;
				CLANG_WARN_QUOTED_INCLUDE_IN_FRAMEWORK_HEADER = YES;
				CLANG_WARN_RANGE_LOOP_ANALYSIS = YES;
				CLANG_WARN_STRICT_PROTOTYPES = YES;
				CLANG_WARN_SUSPICIOUS_MOVE = YES;
				CLANG_WARN_UNGUARDED_AVAILABILITY = YES_AGGRESSIVE;
				CLANG_WARN_UNREACHABLE_CODE = YES;
				CLANG_WARN__DUPLICATE_METHOD_MATCH = YES;
				COPY_PHASE_STRIP = NO;
				DEBUG_INFORMATION_FORMAT = dwarf;
				ENABLE_STRICT_OBJC_MSGSEND = YES;
				ENABLE_TESTABILITY = YES;
				GCC_C_LANGUAGE_STANDARD = gnu11;
				GCC_DYNAMIC_NO_PIC = NO;
				GCC_NO_COMMON_BLOCKS = YES;
				GCC_OPTIMIZATION_LEVEL = 0;
				GCC_PREPROCESSOR_DEFINITIONS = (
					"DEBUG=1",
					"$(inherited)",
				);
				GCC_WARN_64_TO_32_BIT_CONVERSION = YES;
				GCC_WARN_ABOUT_RETURN_TYPE = YES_ERROR;
				GCC_WARN_UNDECLARED_SELECTOR = YES;
				GCC_WARN_UNINITIALIZED_AUTOS = YES_AGGRESSIVE;
				GCC_WARN_UNUSED_FUNCTION = YES;
				GCC_WARN_UNUSED_VARIABLE = YES;
				IPHONEOS_DEPLOYMENT_TARGET = 15.0;
				MTL_ENABLE_DEBUG_INFO = INCLUDE_SOURCE;
				MTL_FAST_MATH = YES;
				ONLY_ACTIVE_ARCH = YES;
				SDKROOT = iphoneos;
				SWIFT_ACTIVE_COMPILATION_CONDITIONS = DEBUG;
				SWIFT_OPTIMIZATION_LEVEL = "-Onone";
			};
			name = Debug;
		};
		92D7293626BE079F008E7FDE /* Release */ = {
			isa = XCBuildConfiguration;
			buildSettings = {
				ALWAYS_SEARCH_USER_PATHS = NO;
				CLANG_ANALYZER_NONNULL = YES;
				CLANG_ANALYZER_NUMBER_OBJECT_CONVERSION = YES_AGGRESSIVE;
				CLANG_CXX_LANGUAGE_STANDARD = "gnu++14";
				CLANG_CXX_LIBRARY = "libc++";
				CLANG_ENABLE_MODULES = YES;
				CLANG_ENABLE_OBJC_ARC = YES;
				CLANG_ENABLE_OBJC_WEAK = YES;
				CLANG_WARN_BLOCK_CAPTURE_AUTORELEASING = YES;
				CLANG_WARN_BOOL_CONVERSION = YES;
				CLANG_WARN_COMMA = YES;
				CLANG_WARN_CONSTANT_CONVERSION = YES;
				CLANG_WARN_DEPRECATED_OBJC_IMPLEMENTATIONS = YES;
				CLANG_WARN_DIRECT_OBJC_ISA_USAGE = YES_ERROR;
				CLANG_WARN_DOCUMENTATION_COMMENTS = YES;
				CLANG_WARN_EMPTY_BODY = YES;
				CLANG_WARN_ENUM_CONVERSION = YES;
				CLANG_WARN_INFINITE_RECURSION = YES;
				CLANG_WARN_INT_CONVERSION = YES;
				CLANG_WARN_NON_LITERAL_NULL_CONVERSION = YES;
				CLANG_WARN_OBJC_IMPLICIT_RETAIN_SELF = YES;
				CLANG_WARN_OBJC_LITERAL_CONVERSION = YES;
				CLANG_WARN_OBJC_ROOT_CLASS = YES_ERROR;
				CLANG_WARN_QUOTED_INCLUDE_IN_FRAMEWORK_HEADER = YES;
				CLANG_WARN_RANGE_LOOP_ANALYSIS = YES;
				CLANG_WARN_STRICT_PROTOTYPES = YES;
				CLANG_WARN_SUSPICIOUS_MOVE = YES;
				CLANG_WARN_UNGUARDED_AVAILABILITY = YES_AGGRESSIVE;
				CLANG_WARN_UNREACHABLE_CODE = YES;
				CLANG_WARN__DUPLICATE_METHOD_MATCH = YES;
				COPY_PHASE_STRIP = NO;
				DEBUG_INFORMATION_FORMAT = "dwarf-with-dsym";
				ENABLE_NS_ASSERTIONS = NO;
				ENABLE_STRICT_OBJC_MSGSEND = YES;
				GCC_C_LANGUAGE_STANDARD = gnu11;
				GCC_NO_COMMON_BLOCKS = YES;
				GCC_WARN_64_TO_32_BIT_CONVERSION = YES;
				GCC_WARN_ABOUT_RETURN_TYPE = YES_ERROR;
				GCC_WARN_UNDECLARED_SELECTOR = YES;
				GCC_WARN_UNINITIALIZED_AUTOS = YES_AGGRESSIVE;
				GCC_WARN_UNUSED_FUNCTION = YES;
				GCC_WARN_UNUSED_VARIABLE = YES;
				IPHONEOS_DEPLOYMENT_TARGET = 15.0;
				MTL_ENABLE_DEBUG_INFO = NO;
				MTL_FAST_MATH = YES;
				SDKROOT = iphoneos;
				SWIFT_COMPILATION_MODE = wholemodule;
				SWIFT_OPTIMIZATION_LEVEL = "-O";
				VALIDATE_PRODUCT = YES;
			};
			name = Release;
		};
		92D7293826BE079F008E7FDE /* Debug */ = {
			isa = XCBuildConfiguration;
			buildSettings = {
				ASSETCATALOG_COMPILER_APPICON_NAME = AppIcon;
				ASSETCATALOG_COMPILER_GLOBAL_ACCENT_COLOR_NAME = AccentColor;
				CODE_SIGN_STYLE = Automatic;
				DEVELOPMENT_ASSET_PATHS = "\"Set/Preview Content\"";
				DEVELOPMENT_TEAM = 6799GM77BZ;
				ENABLE_PREVIEWS = YES;
				INFOPLIST_FILE = Set/Info.plist;
				IPHONEOS_DEPLOYMENT_TARGET = 15.0;
				LD_RUNPATH_SEARCH_PATHS = (
					"$(inherited)",
					"@executable_path/Frameworks",
				);
				PRODUCT_BUNDLE_IDENTIFIER = me.aoberoi.Set;
				PRODUCT_NAME = "$(TARGET_NAME)";
				SWIFT_VERSION = 5.0;
				TARGETED_DEVICE_FAMILY = "1,2";
			};
			name = Debug;
		};
		92D7293926BE079F008E7FDE /* Release */ = {
			isa = XCBuildConfiguration;
			buildSettings = {
				ASSETCATALOG_COMPILER_APPICON_NAME = AppIcon;
				ASSETCATALOG_COMPILER_GLOBAL_ACCENT_COLOR_NAME = AccentColor;
				CODE_SIGN_STYLE = Automatic;
				DEVELOPMENT_ASSET_PATHS = "\"Set/Preview Content\"";
				DEVELOPMENT_TEAM = 6799GM77BZ;
				ENABLE_PREVIEWS = YES;
				INFOPLIST_FILE = Set/Info.plist;
				IPHONEOS_DEPLOYMENT_TARGET = 15.0;
				LD_RUNPATH_SEARCH_PATHS = (
					"$(inherited)",
					"@executable_path/Frameworks",
				);
				PRODUCT_BUNDLE_IDENTIFIER = me.aoberoi.Set;
				PRODUCT_NAME = "$(TARGET_NAME)";
				SWIFT_VERSION = 5.0;
				TARGETED_DEVICE_FAMILY = "1,2";
			};
			name = Release;
		};
/* End XCBuildConfiguration section */

/* Begin XCConfigurationList section */
		92D7292326BE079D008E7FDE /* Build configuration list for PBXProject "Set" */ = {
			isa = XCConfigurationList;
			buildConfigurations = (
				92D7293526BE079F008E7FDE /* Debug */,
				92D7293626BE079F008E7FDE /* Release */,
			);
			defaultConfigurationIsVisible = 0;
			defaultConfigurationName = Release;
		};
		92D7293726BE079F008E7FDE /* Build configuration list for PBXNativeTarget "Set" */ = {
			isa = XCConfigurationList;
			buildConfigurations = (
				92D7293826BE079F008E7FDE /* Debug */,
				92D7293926BE079F008E7FDE /* Release */,
			);
			defaultConfigurationIsVisible = 0;
			defaultConfigurationName = Release;
		};
/* End XCConfigurationList section */

/* Begin XCRemoteSwiftPackageReference section */
		92AEF2CE2798D7180077EBA5 /* XCRemoteSwiftPackageReference "swift-algorithms" */ = {
			isa = XCRemoteSwiftPackageReference;
			repositoryURL = "https://github.com/apple/swift-algorithms.git";
			requirement = {
				kind = upToNextMajorVersion;
				minimumVersion = 1.0.0;
			};
		};
/* End XCRemoteSwiftPackageReference section */

/* Begin XCSwiftPackageProductDependency section */
		92AEF2CF2798D7180077EBA5 /* Algorithms */ = {
			isa = XCSwiftPackageProductDependency;
			package = 92AEF2CE2798D7180077EBA5 /* XCRemoteSwiftPackageReference "swift-algorithms" */;
			productName = Algorithms;
		};
/* End XCSwiftPackageProductDependency section */
	};
	rootObject = 92D7292026BE079D008E7FDE /* Project object */;
}
